<?xml version="1.0" encoding="utf-8"?>
<Project ToolsVersion="4.0" xmlns="http://schemas.microsoft.com/developer/msbuild/2003">
  <ItemGroup>
    <Filter Include="源文件">
      <UniqueIdentifier>{4FC737F1-C7A5-4376-A066-2A32D752A2FF}</UniqueIdentifier>
      <Extensions>cpp;c;cc;cxx;c++;cppm;ixx;def;odl;idl;hpj;bat;asm;asmx</Extensions>
    </Filter>
    <Filter Include="头文件">
      <UniqueIdentifier>{93995380-89BD-4b04-88EB-625FBE52EBFB}</UniqueIdentifier>
      <Extensions>h;hh;hpp;hxx;h++;hm;inl;inc;ipp;xsd</Extensions>
    </Filter>
    <Filter Include="资源文件">
      <UniqueIdentifier>{67DA6AB6-F800-4c08-8B7A-83BB121AAD01}</UniqueIdentifier>
      <Extensions>rc;ico;cur;bmp;dlg;rc2;rct;bin;rgs;gif;jpg;jpeg;jpe;resx;tiff;tif;png;wav;mfcribbon-ms</Extensions>
    </Filter>
    <Filter Include="源文件\test">
      <UniqueIdentifier>{a5e28379-1728-480b-9437-ff2c4b72c20e}</UniqueIdentifier>
    </Filter>
    <Filter Include="头文件\utils">
      <UniqueIdentifier>{516b0de6-a186-434a-b256-a66c1142b25e}</UniqueIdentifier>
    </Filter>
    <Filter Include="头文件\result">
      <UniqueIdentifier>{0c5dc2b8-c77e-4af8-830b-894f9dda0418}</UniqueIdentifier>
    </Filter>
    <Filter Include="资源文件\docs">
      <UniqueIdentifier>{3da6b35c-d851-4824-86fb-3383327db747}</UniqueIdentifier>
    </Filter>
    <Filter Include="头文件\ownership">
      <UniqueIdentifier>{2e0f0436-8fd8-4cdd-af9c-3dc59c21a558}</UniqueIdentifier>
    </Filter>
    <Filter Include="源文件\test\ownership">
      <UniqueIdentifier>{f8494e56-cebf-464c-b469-7dd961b294e9}</UniqueIdentifier>
    </Filter>
  </ItemGroup>
  <ItemGroup>
    <ClCompile Include="test\result\result_test.cpp">
      <Filter>源文件\test</Filter>
    </ClCompile>
    <ClCompile Include="test\ownership\value_test.cpp">
      <Filter>源文件\test\ownership</Filter>
    </ClCompile>
    <ClCompile Include="test\ownership\owned_test.cpp">
      <Filter>源文件\test\ownership</Filter>
    </ClCompile>
  </ItemGroup>
  <ItemGroup>
    <ClInclude Include="include\oath20\result\result.h">
      <Filter>头文件\result</Filter>
    </ClInclude>
    <ClInclude Include="include\oath20\utils\concept_utils.h">
      <Filter>头文件\utils</Filter>
    </ClInclude>
    <ClInclude Include="include\oath20\utils\test_utils.h">
      <Filter>头文件\utils</Filter>
    </ClInclude>
    <ClInclude Include="include\oath20\ownership\value.h">
      <Filter>头文件\ownership</Filter>
    </ClInclude>
    <ClInclude Include="include\oath20\ownership\owned.h">
      <Filter>头文件\ownership</Filter>
    </ClInclude>
    <ClInclude Include="include\oath20\ownership\handle.h">
      <Filter>头文件\ownership</Filter>
    </ClInclude>
    <ClInclude Include="include\oath20\ownership\borrow_stack_node.h">
      <Filter>头文件\ownership</Filter>
    </ClInclude>
    <ClInclude Include="include\oath20\config.h">
      <Filter>头文件</Filter>
    </ClInclude>
    <ClInclude Include="include\oath20\utils\runtime_check_utils.h">
      <Filter>头文件\utils</Filter>
    </ClInclude>
    <ClInclude Include="include\oath20\ownership\borrowed.h">
      <Filter>头文件\ownership</Filter>
    </ClInclude>
  </ItemGroup>
  <ItemGroup>
    <None Include="README.md">
      <Filter>资源文件</Filter>
    </None>
    <None Include="docs\README-zh.md">
      <Filter>资源文件\docs</Filter>
    </None>
  </ItemGroup>
</Project>